{
  "lockfile_version": "1",
  "packages": {
    "btop@latest": {
      "last_modified": "2025-07-13T22:45:35Z",
      "resolved": "github:NixOS/nixpkgs/a421ac6595024edcfbb1ef950a3712b89161c359#btop",
      "source": "devbox-search",
      "version": "1.4.4",
      "systems": {
        "aarch64-darwin": {
          "outputs": [
            {
              "name": "out",
              "path": "/nix/store/a8n5s1fl8vnnhjm7rbg5jy5vskm7gjgs-btop-1.4.4",
              "default": true
            }
          ],
          "store_path": "/nix/store/a8n5s1fl8vnnhjm7rbg5jy5vskm7gjgs-btop-1.4.4"
        },
        "aarch64-linux": {
          "outputs": [
            {
              "name": "out",
              "path": "/nix/store/sd6rpqybqaq3x1qinqjvs8wn8aj298dx-btop-1.4.4",
              "default": true
            }
          ],
          "store_path": "/nix/store/sd6rpqybqaq3x1qinqjvs8wn8aj298dx-btop-1.4.4"
        },
        "x86_64-darwin": {
          "outputs": [
            {
              "name": "out",
              "path": "/nix/store/g3fba4ly189vd6ldr17dpg8rpf0x8gq2-btop-1.4.4",
              "default": true
            }
          ],
          "store_path": "/nix/store/g3fba4ly189vd6ldr17dpg8rpf0x8gq2-btop-1.4.4"
        },
        "x86_64-linux": {
          "outputs": [
            {
              "name": "out",
              "path": "/nix/store/4ncs1gjjdsb3y8c4cjhvl6gwcnbkp0hx-btop-1.4.4",
              "default": true
            }
          ],
          "store_path": "/nix/store/4ncs1gjjdsb3y8c4cjhvl6gwcnbkp0hx-btop-1.4.4"
        }
      }
    },
    "curl@latest": {
      "last_modified": "2025-07-15T16:15:05Z",
      "resolved": "github:NixOS/nixpkgs/dab3a6e781554f965bde3def0aa2fda4eb8f1708#curl",
      "source": "devbox-search",
      "version": "8.14.1",
      "systems": {
        "aarch64-darwin": {
          "outputs": [
            {
              "name": "bin",
              "path": "/nix/store/5lm01wbwf0na3fkifq0bh3n8dqcshd5j-curl-8.14.1-bin",
              "default": true
            },
            {
              "name": "man",
              "path": "/nix/store/6ksf76rpsgkwn57jfy66xpbkrwdqkv7g-curl-8.14.1-man",
              "default": true
            },
            {
              "name": "dev",
              "path": "/nix/store/5dm0fwyhbwwqyn7y1l0cw7aq0fxh4pjb-curl-8.14.1-dev"
            },
            {
              "name": "devdoc",
              "path": "/nix/store/9a3s2qgn81aa4p1a9kmgichkzlma0flg-curl-8.14.1-devdoc"
            },
            {
              "name": "out",
              "path": "/nix/store/h3dxdqsjl9vz4c8v45ipmkw99w6v8c8a-curl-8.14.1"
            }
          ],
          "store_path": "/nix/store/5lm01wbwf0na3fkifq0bh3n8dqcshd5j-curl-8.14.1-bin"
        },
        "aarch64-linux": {
          "outputs": [
            {
              "name": "bin",
              "path": "/nix/store/9j2j5lmnffdw7k9hbkhnbj463jy5fvix-curl-8.14.1-bin",
              "default": true
            },
            {
              "name": "man",
              "path": "/nix/store/ac0hb5xim8ajx5y9dz9cn09w0mghz96d-curl-8.14.1-man",
              "default": true
            },
            {
              "name": "devdoc",
              "path": "/nix/store/6zm76ga31p30950qpzp08xqaa8235ssv-curl-8.14.1-devdoc"
            },
            {
              "name": "out",
              "path": "/nix/store/ma4z43kh5z79m0frs4333vgyi948lgrx-curl-8.14.1"
            },
            {
              "name": "debug",
              "path": "/nix/store/4z2m2srh42fgnrp99z9snk0wn3v0hg6j-curl-8.14.1-debug"
            },
            {
              "name": "dev",
              "path": "/nix/store/bp499v3cxdclliy9jzjr4k9lk59j9jbi-curl-8.14.1-dev"
            }
          ],
          "store_path": "/nix/store/9j2j5lmnffdw7k9hbkhnbj463jy5fvix-curl-8.14.1-bin"
        },
        "x86_64-darwin": {
          "outputs": [
            {
              "name": "bin",
              "path": "/nix/store/c013jrpj5cagr3jnphf71hl7q6ja6jpx-curl-8.14.1-bin",
              "default": true
            },
            {
              "name": "man",
              "path": "/nix/store/g5cv211jd7jrx6rg948h4j65sawjgg3n-curl-8.14.1-man",
              "default": true
            },
            {
              "name": "dev",
              "path": "/nix/store/f7yphi05i0h4r05yklvx53z4lzcw3d2x-curl-8.14.1-dev"
            },
            {
              "name": "devdoc",
              "path": "/nix/store/jzp7s4yxi3bj8v43c2hsz740y4jwd3dn-curl-8.14.1-devdoc"
            },
            {
              "name": "out",
              "path": "/nix/store/k010qaizvw5v1apxn7xavc3p73q8ngc7-curl-8.14.1"
            }
          ],
          "store_path": "/nix/store/c013jrpj5cagr3jnphf71hl7q6ja6jpx-curl-8.14.1-bin"
        },
        "x86_64-linux": {
          "outputs": [
            {
              "name": "bin",
              "path": "/nix/store/ql85mv4q636pmfrz2zb5xkp4r131niil-curl-8.14.1-bin",
              "default": true
            },
            {
              "name": "man",
              "path": "/nix/store/gv75z1nvxxk44amwp1d9vr9ri4z36n2k-curl-8.14.1-man",
              "default": true
            },
            {
              "name": "out",
              "path": "/nix/store/qra9dfwfkpz7h6ng3489lsww2sr3gjyd-curl-8.14.1"
            },
            {
              "name": "debug",
              "path": "/nix/store/k1rdyd0hlzx6g997i3a3lpsqkazbbjxw-curl-8.14.1-debug"
            },
            {
              "name": "dev",
              "path": "/nix/store/0xbikmlg7655qqjgavghrqzmc42s96q8-curl-8.14.1-dev"
            },
            {
              "name": "devdoc",
              "path": "/nix/store/4gb0rskb3h8q0hii0dgy0wskg02rg3fa-curl-8.14.1-devdoc"
            }
          ],
          "store_path": "/nix/store/ql85mv4q636pmfrz2zb5xkp4r131niil-curl-8.14.1-bin"
        }
      }
    },
    "emacs@latest": {
      "last_modified": "2025-07-13T22:45:35Z",
      "resolved": "github:NixOS/nixpkgs/a421ac6595024edcfbb1ef950a3712b89161c359#emacs",
      "source": "devbox-search",
      "version": "30.1",
      "systems": {
        "aarch64-darwin": {
          "outputs": [
            {
              "name": "out",
              "path": "/nix/store/s3qggqxjxp44xyid56485b47iix8k8zq-emacs-30.1",
              "default": true
            }
          ],
          "store_path": "/nix/store/s3qggqxjxp44xyid56485b47iix8k8zq-emacs-30.1"
        },
        "aarch64-linux": {
          "outputs": [
            {
              "name": "out",
              "path": "/nix/store/9f949ic8y9g20q1lsindbdqp0wz4d0b5-emacs-30.1",
              "default": true
            }
          ],
          "store_path": "/nix/store/9f949ic8y9g20q1lsindbdqp0wz4d0b5-emacs-30.1"
        },
        "x86_64-darwin": {
          "outputs": [
            {
              "name": "out",
              "path": "/nix/store/yh79391cs1pm6q2wnxgdzk67kka6qwkr-emacs-30.1",
              "default": true
            }
          ],
          "store_path": "/nix/store/yh79391cs1pm6q2wnxgdzk67kka6qwkr-emacs-30.1"
        },
        "x86_64-linux": {
          "outputs": [
            {
              "name": "out",
              "path": "/nix/store/k43vpc65arhlly1sd6r2rzc5q4mhk7ik-emacs-30.1",
              "default": true
            }
          ],
          "store_path": "/nix/store/k43vpc65arhlly1sd6r2rzc5q4mhk7ik-emacs-30.1"
        }
      }
    },
    "eza@latest": {
      "last_modified": "2025-07-13T22:45:35Z",
      "resolved": "github:NixOS/nixpkgs/a421ac6595024edcfbb1ef950a3712b89161c359#eza",
      "source": "devbox-search",
      "version": "0.22.1",
      "systems": {
        "aarch64-darwin": {
          "outputs": [
            {
              "name": "out",
              "path": "/nix/store/969r12wykdmaaiwfh5jgz140nn4wv89a-eza-0.22.1",
              "default": true
            },
            {
              "name": "man",
              "path": "/nix/store/247g0w3sg1scprf9zycvvrh13q93983y-eza-0.22.1-man",
              "default": true
            }
          ],
          "store_path": "/nix/store/969r12wykdmaaiwfh5jgz140nn4wv89a-eza-0.22.1"
        },
        "aarch64-linux": {
          "outputs": [
            {
              "name": "out",
              "path": "/nix/store/q5gws2mmnl2nlxinalkyy9vybc3wc83i-eza-0.22.1",
              "default": true
            },
            {
              "name": "man",
              "path": "/nix/store/lf95p6phsrvggcp05c9ccxhsavn29njd-eza-0.22.1-man",
              "default": true
            }
          ],
          "store_path": "/nix/store/q5gws2mmnl2nlxinalkyy9vybc3wc83i-eza-0.22.1"
        },
        "x86_64-darwin": {
          "outputs": [
            {
              "name": "out",
              "path": "/nix/store/mjp8v4bgrfcd1265h2bcy0iv33gzc2za-eza-0.22.1",
              "default": true
            },
            {
              "name": "man",
              "path": "/nix/store/g17sf3h48za6y9k3sx8781d9ypnb3zr8-eza-0.22.1-man",
              "default": true
            }
          ],
          "store_path": "/nix/store/mjp8v4bgrfcd1265h2bcy0iv33gzc2za-eza-0.22.1"
        },
        "x86_64-linux": {
          "outputs": [
            {
              "name": "out",
              "path": "/nix/store/0mqwd5jpy3z0wa34kwklnywqsy1ql8ds-eza-0.22.1",
              "default": true
            },
            {
              "name": "man",
              "path": "/nix/store/v01xd0sddk6xjzq25rgympfspy7xf7wp-eza-0.22.1-man",
              "default": true
            }
          ],
          "store_path": "/nix/store/0mqwd5jpy3z0wa34kwklnywqsy1ql8ds-eza-0.22.1"
        }
      }
    },
    "fastfetch@latest": {
      "last_modified": "2025-07-13T22:45:35Z",
      "resolved": "github:NixOS/nixpkgs/a421ac6595024edcfbb1ef950a3712b89161c359#fastfetch",
      "source": "devbox-search",
      "version": "2.47.0",
      "systems": {
        "aarch64-darwin": {
          "outputs": [
            {
              "name": "out",
              "path": "/nix/store/3hspjflxk3aifsgy61y8lx50g341cb29-fastfetch-2.47.0",
              "default": true
            },
            {
              "name": "man",
              "path": "/nix/store/871ix80nax1bvbbqd4n1lirf8lc6rpv9-fastfetch-2.47.0-man",
              "default": true
            }
          ],
          "store_path": "/nix/store/3hspjflxk3aifsgy61y8lx50g341cb29-fastfetch-2.47.0"
        },
        "aarch64-linux": {
          "outputs": [
            {
              "name": "out",
              "path": "/nix/store/iiayignk2v1dbgwivjf04n8q46rj52j1-fastfetch-2.47.0",
              "default": true
            },
            {
              "name": "man",
              "path": "/nix/store/kxxscnd81f1ry8k41g0m38yr7xbp22b4-fastfetch-2.47.0-man",
              "default": true
            }
          ],
          "store_path": "/nix/store/iiayignk2v1dbgwivjf04n8q46rj52j1-fastfetch-2.47.0"
        },
        "x86_64-darwin": {
          "outputs": [
            {
              "name": "out",
              "path": "/nix/store/821h25f2jg6hwn4ar0s72vj2v1x5l3qi-fastfetch-2.47.0",
              "default": true
            },
            {
              "name": "man",
              "path": "/nix/store/l18dfsmwz4m5j08hxaywy3aal99qrpbs-fastfetch-2.47.0-man",
              "default": true
            }
          ],
          "store_path": "/nix/store/821h25f2jg6hwn4ar0s72vj2v1x5l3qi-fastfetch-2.47.0"
        },
        "x86_64-linux": {
          "outputs": [
            {
              "name": "out",
              "path": "/nix/store/xb9w16li0ivf4jcjmzwm4sgsmn0vy2sj-fastfetch-2.47.0",
              "default": true
            },
            {
              "name": "man",
              "path": "/nix/store/zxmakjnpd9cyfvwkm48ybzb104sva99f-fastfetch-2.47.0-man",
              "default": true
            }
          ],
          "store_path": "/nix/store/xb9w16li0ivf4jcjmzwm4sgsmn0vy2sj-fastfetch-2.47.0"
        }
      }
    },
    "fd@latest": {
      "last_modified": "2025-07-13T22:45:35Z",
      "resolved": "github:NixOS/nixpkgs/a421ac6595024edcfbb1ef950a3712b89161c359#fd",
      "source": "devbox-search",
      "version": "10.2.0",
      "systems": {
        "aarch64-darwin": {
          "outputs": [
            {
              "name": "out",
              "path": "/nix/store/bi1w9glnvg7vq1gg7y09yr0vxny9zqc6-fd-10.2.0",
              "default": true
            }
          ],
          "store_path": "/nix/store/bi1w9glnvg7vq1gg7y09yr0vxny9zqc6-fd-10.2.0"
        },
        "aarch64-linux": {
          "outputs": [
            {
              "name": "out",
              "path": "/nix/store/5dgk4wjgklp3xvx39v43zbg1g1659lcw-fd-10.2.0",
              "default": true
            }
          ],
          "store_path": "/nix/store/5dgk4wjgklp3xvx39v43zbg1g1659lcw-fd-10.2.0"
        },
        "x86_64-darwin": {
          "outputs": [
            {
              "name": "out",
              "path": "/nix/store/y4xklbvkldzc67ak75689cq9fz881lbm-fd-10.2.0",
              "default": true
            }
          ],
          "store_path": "/nix/store/y4xklbvkldzc67ak75689cq9fz881lbm-fd-10.2.0"
        },
        "x86_64-linux": {
          "outputs": [
            {
              "name": "out",
              "path": "/nix/store/dk31gqj4lfsmx7ynmkh0nfs6dgmig7im-fd-10.2.0",
              "default": true
            }
          ],
          "store_path": "/nix/store/dk31gqj4lfsmx7ynmkh0nfs6dgmig7im-fd-10.2.0"
        }
      }
    },
    "fzf@latest": {
      "last_modified": "2025-07-13T22:45:35Z",
      "resolved": "github:NixOS/nixpkgs/a421ac6595024edcfbb1ef950a3712b89161c359#fzf",
      "source": "devbox-search",
      "version": "0.64.0",
      "systems": {
        "aarch64-darwin": {
          "outputs": [
            {
              "name": "out",
              "path": "/nix/store/bj6lvzay4vg3gjczdqyq4fbhgl8ns601-fzf-0.64.0",
              "default": true
            },
            {
              "name": "man",
              "path": "/nix/store/92m6gs7kxwn75x2pjvymc1a88vpwhjxf-fzf-0.64.0-man",
              "default": true
            }
          ],
          "store_path": "/nix/store/bj6lvzay4vg3gjczdqyq4fbhgl8ns601-fzf-0.64.0"
        },
        "aarch64-linux": {
          "outputs": [
            {
              "name": "out",
              "path": "/nix/store/9397hrvdqcznw6kmd7c3qpxmsb48r87j-fzf-0.64.0",
              "default": true
            },
            {
              "name": "man",
              "path": "/nix/store/bv65068476x9zqswips8sqixhqc2f9h4-fzf-0.64.0-man",
              "default": true
            }
          ],
          "store_path": "/nix/store/9397hrvdqcznw6kmd7c3qpxmsb48r87j-fzf-0.64.0"
        },
        "x86_64-darwin": {
          "outputs": [
            {
              "name": "out",
              "path": "/nix/store/144sk131savp2qgjwjz37ryhxiqhmlg0-fzf-0.64.0",
              "default": true
            },
            {
              "name": "man",
              "path": "/nix/store/h1czpbzdsng942l67nd2x9yrcjargiia-fzf-0.64.0-man",
              "default": true
            }
          ],
          "store_path": "/nix/store/144sk131savp2qgjwjz37ryhxiqhmlg0-fzf-0.64.0"
        },
        "x86_64-linux": {
          "outputs": [
            {
              "name": "out",
              "path": "/nix/store/y1az1agnfb2w4ycaf2jndd7n0z59cj9a-fzf-0.64.0",
              "default": true
            },
            {
              "name": "man",
              "path": "/nix/store/yxjhpwqg11d4dx6hg07cw9i7zycy98v3-fzf-0.64.0-man",
              "default": true
            }
          ],
          "store_path": "/nix/store/y1az1agnfb2w4ycaf2jndd7n0z59cj9a-fzf-0.64.0"
        }
      }
    },
    "git@latest": {
      "last_modified": "2025-07-13T22:45:35Z",
      "resolved": "github:NixOS/nixpkgs/a421ac6595024edcfbb1ef950a3712b89161c359#git",
      "source": "devbox-search",
      "version": "2.50.0",
      "systems": {
        "aarch64-darwin": {
          "outputs": [
            {
              "name": "out",
              "path": "/nix/store/2jwgd7jj1dil1b73h8hnh0xj928416jp-git-2.50.0",
              "default": true
            },
            {
              "name": "doc",
              "path": "/nix/store/wfg8mczayhr7k13bq6fjl1h7rxg5f6p8-git-2.50.0-doc"
            }
          ],
          "store_path": "/nix/store/2jwgd7jj1dil1b73h8hnh0xj928416jp-git-2.50.0"
        },
        "aarch64-linux": {
          "outputs": [
            {
              "name": "out",
              "path": "/nix/store/7mp9n7lbilhk56s842rigrjclbr5ipdj-git-2.50.0",
              "default": true
            },
            {
              "name": "debug",
              "path": "/nix/store/dajrhy2l14ghs5awaag5n8yj62lwsyg9-git-2.50.0-debug"
            },
            {
              "name": "doc",
              "path": "/nix/store/kj8r3acr12x0hkxs0hyrpd8wknvvwhd2-git-2.50.0-doc"
            }
          ],
          "store_path": "/nix/store/7mp9n7lbilhk56s842rigrjclbr5ipdj-git-2.50.0"
        },
        "x86_64-darwin": {
          "outputs": [
            {
              "name": "out",
              "path": "/nix/store/wy5g4i1fr1vrg2drjflbsd75rq7j9rh9-git-2.50.0",
              "default": true
            },
            {
              "name": "doc",
              "path": "/nix/store/kc1k9n4im10nlm6csp16jg3052vdmifa-git-2.50.0-doc"
            }
          ],
          "store_path": "/nix/store/wy5g4i1fr1vrg2drjflbsd75rq7j9rh9-git-2.50.0"
        },
        "x86_64-linux": {
          "outputs": [
            {
              "name": "out",
              "path": "/nix/store/khdq35xh67vw7j7k9y4q9l0svxznhx1b-git-2.50.0",
              "default": true
            },
            {
              "name": "debug",
              "path": "/nix/store/h29apnv0hcp0w03whsh03izhq7ln1jyw-git-2.50.0-debug"
            },
            {
              "name": "doc",
              "path": "/nix/store/fypvhmxqj3583rkzxvmwakw10yri2i23-git-2.50.0-doc"
            }
          ],
          "store_path": "/nix/store/khdq35xh67vw7j7k9y4q9l0svxznhx1b-git-2.50.0"
        }
      }
    },
    "github:NixOS/nixpkgs/nixpkgs-unstable": {
      "last_modified": "2025-07-09T16:14:05Z",
      "resolved": "github:NixOS/nixpkgs/be9e214982e20b8310878ac2baa063a961c1bdf6?lastModified=1752077645"
    },
    "go@latest": {
      "last_modified": "2025-07-13T22:45:35Z",
      "resolved": "github:NixOS/nixpkgs/a421ac6595024edcfbb1ef950a3712b89161c359#go",
      "source": "devbox-search",
      "version": "1.24.4",
      "systems": {
        "aarch64-darwin": {
          "outputs": [
            {
              "name": "out",
              "path": "/nix/store/f4a0g1p943l61wfvqnpdr73v9bsyfhf2-go-1.24.4",
              "default": true
            }
          ],
          "store_path": "/nix/store/f4a0g1p943l61wfvqnpdr73v9bsyfhf2-go-1.24.4"
        },
        "aarch64-linux": {
          "outputs": [
            {
              "name": "out",
              "path": "/nix/store/mdyik6amglpjs533vk927f9w1qmyw239-go-1.24.4",
              "default": true
            }
          ],
          "store_path": "/nix/store/mdyik6amglpjs533vk927f9w1qmyw239-go-1.24.4"
        },
        "x86_64-darwin": {
          "outputs": [
            {
              "name": "out",
              "path": "/nix/store/b56ngr9p7x6z368w8m7ps95r3x8gdfv7-go-1.24.4",
              "default": true
            }
          ],
          "store_path": "/nix/store/b56ngr9p7x6z368w8m7ps95r3x8gdfv7-go-1.24.4"
        },
        "x86_64-linux": {
          "outputs": [
            {
              "name": "out",
              "path": "/nix/store/xrzqlk92h7z5mz9mlc4a9dyy91n5b68i-go-1.24.4",
              "default": true
            }
          ],
          "store_path": "/nix/store/xrzqlk92h7z5mz9mlc4a9dyy91n5b68i-go-1.24.4"
        }
      }
    },
    "helix@latest": {
      "last_modified": "2025-07-16T16:36:02Z",
      "resolved": "github:NixOS/nixpkgs/fa64ec5c1ca6f17746f3defedb988b9248e97616#helix",
      "source": "devbox-search",
      "version": "25.07",
      "systems": {
        "aarch64-darwin": {
          "outputs": [
            {
              "name": "out",
              "path": "/nix/store/jczz0xvs1x6wpl9y5zcnd58ifgb62gga-helix-25.07",
              "default": true
            }
          ],
          "store_path": "/nix/store/jczz0xvs1x6wpl9y5zcnd58ifgb62gga-helix-25.07"
        },
        "aarch64-linux": {
          "outputs": [
            {
              "name": "out",
              "path": "/nix/store/lxdifiqh63l2l881ypxn0aywk5rv6xc7-helix-25.07",
              "default": true
            }
          ],
          "store_path": "/nix/store/lxdifiqh63l2l881ypxn0aywk5rv6xc7-helix-25.07"
        },
        "x86_64-darwin": {
          "outputs": [
            {
              "name": "out",
              "path": "/nix/store/ymnsanm9sdz5d38cb0xrgnlwvz286xd3-helix-25.07",
              "default": true
            }
          ],
          "store_path": "/nix/store/ymnsanm9sdz5d38cb0xrgnlwvz286xd3-helix-25.07"
        },
        "x86_64-linux": {
          "outputs": [
            {
              "name": "out",
              "path": "/nix/store/8dk8xw6f0k1zl0mp9qv78fw99sb6hf3m-helix-25.07",
              "default": true
            }
          ],
          "store_path": "/nix/store/8dk8xw6f0k1zl0mp9qv78fw99sb6hf3m-helix-25.07"
        }
      }
    },
    "inetutils@latest": {
      "last_modified": "2025-07-13T22:45:35Z",
      "resolved": "github:NixOS/nixpkgs/a421ac6595024edcfbb1ef950a3712b89161c359#inetutils",
      "source": "devbox-search",
      "version": "2.6",
      "systems": {
        "aarch64-darwin": {
          "outputs": [
            {
              "name": "out",
              "path": "/nix/store/x5fxmx3mcff8xy09vwg8kx9nm8y1i43p-inetutils-2.6",
              "default": true
            },
            {
              "name": "apparmor",
              "path": "/nix/store/p0qi9wm7m2p2907yjl4lmnqdm1h3misf-inetutils-2.6-apparmor"
            }
          ],
          "store_path": "/nix/store/x5fxmx3mcff8xy09vwg8kx9nm8y1i43p-inetutils-2.6"
        },
        "aarch64-linux": {
          "outputs": [
            {
              "name": "out",
              "path": "/nix/store/jb1l8p39gzyvk23yciyn1igb52z7c657-inetutils-2.6",
              "default": true
            },
            {
              "name": "apparmor",
              "path": "/nix/store/hyyr7yca2afnmji01kh3qv63m65yrc7c-inetutils-2.6-apparmor"
            }
          ],
          "store_path": "/nix/store/jb1l8p39gzyvk23yciyn1igb52z7c657-inetutils-2.6"
        },
        "x86_64-darwin": {
          "outputs": [
            {
              "name": "out",
              "path": "/nix/store/lfpivwhvb9chrk2a5hlbfhkig1vgfphg-inetutils-2.6",
              "default": true
            },
            {
              "name": "apparmor",
              "path": "/nix/store/zqbdnx2dm716iac4wh4hy7y188k7ks94-inetutils-2.6-apparmor"
            }
          ],
          "store_path": "/nix/store/lfpivwhvb9chrk2a5hlbfhkig1vgfphg-inetutils-2.6"
        },
        "x86_64-linux": {
          "outputs": [
            {
              "name": "out",
              "path": "/nix/store/ljvnwaswj8lm9k43rsjz879jjbqk2x3g-inetutils-2.6",
              "default": true
            },
            {
              "name": "apparmor",
              "path": "/nix/store/f0p13jmvy20m7lyc358n0wk3nrvg3a57-inetutils-2.6-apparmor"
            }
          ],
          "store_path": "/nix/store/ljvnwaswj8lm9k43rsjz879jjbqk2x3g-inetutils-2.6"
        }
      }
    },
    "lazygit@latest": {
      "last_modified": "2025-07-13T22:45:35Z",
      "resolved": "github:NixOS/nixpkgs/a421ac6595024edcfbb1ef950a3712b89161c359#lazygit",
      "source": "devbox-search",
      "version": "0.53.0",
      "systems": {
        "aarch64-darwin": {
          "outputs": [
            {
              "name": "out",
              "path": "/nix/store/lrzxw35vd2w3x389a8w053fgcspkcpln-lazygit-0.53.0",
              "default": true
            }
          ],
          "store_path": "/nix/store/lrzxw35vd2w3x389a8w053fgcspkcpln-lazygit-0.53.0"
        },
        "aarch64-linux": {
          "outputs": [
            {
              "name": "out",
              "path": "/nix/store/8bk8af0jkpk3hjjx6d0ncfxv87mi64b2-lazygit-0.53.0",
              "default": true
            }
          ],
          "store_path": "/nix/store/8bk8af0jkpk3hjjx6d0ncfxv87mi64b2-lazygit-0.53.0"
        },
        "x86_64-darwin": {
          "outputs": [
            {
              "name": "out",
              "path": "/nix/store/wv8fylnw6mzcin0pswzay144yzkaiimb-lazygit-0.53.0",
              "default": true
            }
          ],
          "store_path": "/nix/store/wv8fylnw6mzcin0pswzay144yzkaiimb-lazygit-0.53.0"
        },
        "x86_64-linux": {
          "outputs": [
            {
              "name": "out",
              "path": "/nix/store/vrsrfm058q6c985hlz948rzw37b6q6v1-lazygit-0.53.0",
              "default": true
            }
          ],
          "store_path": "/nix/store/vrsrfm058q6c985hlz948rzw37b6q6v1-lazygit-0.53.0"
        }
      }
    },
    "neovim@latest": {
      "last_modified": "2025-07-15T16:15:05Z",
      "resolved": "github:NixOS/nixpkgs/dab3a6e781554f965bde3def0aa2fda4eb8f1708#neovim",
      "source": "devbox-search",
      "version": "0.11.3",
      "systems": {
        "aarch64-darwin": {
          "outputs": [
            {
              "name": "out",
              "path": "/nix/store/20n662aw5dz0rs1l91gybpcijnl2c0q1-neovim-0.11.3",
              "default": true
            }
          ],
          "store_path": "/nix/store/20n662aw5dz0rs1l91gybpcijnl2c0q1-neovim-0.11.3"
        },
        "aarch64-linux": {
          "outputs": [
            {
              "name": "out",
              "path": "/nix/store/69ywpq64jjrrvpww31sp1z1bggy0jxkw-neovim-0.11.3",
              "default": true
            }
          ],
          "store_path": "/nix/store/69ywpq64jjrrvpww31sp1z1bggy0jxkw-neovim-0.11.3"
        },
        "x86_64-darwin": {
          "outputs": [
            {
              "name": "out",
              "path": "/nix/store/mjvvwchk25x88rccmyws62cfcm6kzgvj-neovim-0.11.3",
              "default": true
            }
          ],
          "store_path": "/nix/store/mjvvwchk25x88rccmyws62cfcm6kzgvj-neovim-0.11.3"
        },
        "x86_64-linux": {
          "outputs": [
            {
              "name": "out",
              "path": "/nix/store/62z9sarrycxm5agv1c1mhf0bbw2qw71k-neovim-0.11.3",
              "default": true
            }
          ],
          "store_path": "/nix/store/62z9sarrycxm5agv1c1mhf0bbw2qw71k-neovim-0.11.3"
        }
      }
    },
    "nodejs@23": {
      "last_modified": "2025-05-03T19:26:05Z",
      "plugin_version": "0.0.2",
      "resolved": "github:NixOS/nixpkgs/f21e4546e3ede7ae34d12a84602a22246b31f7e0#nodejs_23",
      "source": "devbox-search",
      "version": "23.11.0",
      "systems": {
        "aarch64-darwin": {
          "outputs": [
            {
              "name": "out",
              "path": "/nix/store/gdh7lnl6ksw2s9j65ah0jnr93cypq0zr-nodejs-23.11.0",
              "default": true
            },
            {
              "name": "libv8",
              "path": "/nix/store/yf4hi5pps1ciplvlrfdvmzdyv0z24l2x-nodejs-23.11.0-libv8"
            },
            {
              "name": "dev",
              "path": "/nix/store/g1c4jg5r4x6jg3zpirgmw9na2swv94sw-nodejs-23.11.0-dev"
            }
          ],
          "store_path": "/nix/store/gdh7lnl6ksw2s9j65ah0jnr93cypq0zr-nodejs-23.11.0"
        },
        "aarch64-linux": {
          "outputs": [
            {
              "name": "out",
              "path": "/nix/store/x7ivilhxy8gf1ikriff5xif8pg54jvgr-nodejs-23.11.0",
              "default": true
            },
            {
              "name": "dev",
              "path": "/nix/store/n1n2gq6vnvfi5z7cpbg3gp8256wlz089-nodejs-23.11.0-dev"
            },
            {
              "name": "libv8",
              "path": "/nix/store/86qhml3ncl7i4mib7yavcikacnrixsv2-nodejs-23.11.0-libv8"
            }
          ],
          "store_path": "/nix/store/x7ivilhxy8gf1ikriff5xif8pg54jvgr-nodejs-23.11.0"
        },
        "x86_64-darwin": {
          "outputs": [
            {
              "name": "out",
              "path": "/nix/store/bnv40f11mj4yqshylgyw4vp12vh451hb-nodejs-23.11.0",
              "default": true
            },
            {
              "name": "dev",
              "path": "/nix/store/5xkwl34mg1acklqwmm00zj04k235pkvg-nodejs-23.11.0-dev"
            },
            {
              "name": "libv8",
              "path": "/nix/store/s8k6rdbs4m8nkqq478mvq1xf4jlfhjrj-nodejs-23.11.0-libv8"
            }
          ],
          "store_path": "/nix/store/bnv40f11mj4yqshylgyw4vp12vh451hb-nodejs-23.11.0"
        },
        "x86_64-linux": {
          "outputs": [
            {
              "name": "out",
              "path": "/nix/store/farnym67jl2brs97ihsvziz7gm0yq26l-nodejs-23.11.0",
              "default": true
            },
            {
              "name": "libv8",
              "path": "/nix/store/3kx3gj5ix8nsp63kh3nkvxzbqcic85wx-nodejs-23.11.0-libv8"
            },
            {
              "name": "dev",
              "path": "/nix/store/37nmva83fc0idfd0xk7rq61zgxg0ywab-nodejs-23.11.0-dev"
            }
          ],
          "store_path": "/nix/store/farnym67jl2brs97ihsvziz7gm0yq26l-nodejs-23.11.0"
        }
      }
    },
    "python@3.13": {
      "last_modified": "2025-05-16T20:19:48Z",
      "plugin_version": "0.0.4",
      "resolved": "github:NixOS/nixpkgs/12a55407652e04dcf2309436eb06fef0d3713ef3#python313",
      "source": "devbox-search",
      "version": "3.13.3",
      "systems": {
        "aarch64-darwin": {
          "outputs": [
            {
              "name": "out",
              "path": "/nix/store/1a8xg8l3m67hxinxzzcsak9736qm9vsf-python3-3.13.3",
              "default": true
            }
          ],
          "store_path": "/nix/store/1a8xg8l3m67hxinxzzcsak9736qm9vsf-python3-3.13.3"
        },
        "aarch64-linux": {
          "outputs": [
            {
              "name": "out",
              "path": "/nix/store/yy0xvc2rydhrs0h1v8d7r3sql347xzz5-python3-3.13.3",
              "default": true
            },
            {
              "name": "debug",
              "path": "/nix/store/42bxfqfrh8cwspl7szr0cw8739xv8qlq-python3-3.13.3-debug"
            }
          ],
          "store_path": "/nix/store/yy0xvc2rydhrs0h1v8d7r3sql347xzz5-python3-3.13.3"
        },
        "x86_64-darwin": {
          "outputs": [
            {
              "name": "out",
              "path": "/nix/store/gbrigjhghz9v2p0zf9b2fnvs0g0yx7q4-python3-3.13.3",
              "default": true
            }
          ],
          "store_path": "/nix/store/gbrigjhghz9v2p0zf9b2fnvs0g0yx7q4-python3-3.13.3"
        },
        "x86_64-linux": {
          "outputs": [
            {
              "name": "out",
              "path": "/nix/store/2mab9iiwhcqwk75qwvp3zv0bvbiaq6cs-python3-3.13.3",
              "default": true
            },
            {
              "name": "debug",
              "path": "/nix/store/9z6k8ijl2md0y2n95yprbjj4vxbfsi15-python3-3.13.3-debug"
            }
          ],
          "store_path": "/nix/store/2mab9iiwhcqwk75qwvp3zv0bvbiaq6cs-python3-3.13.3"
        }
      }
    },
    "ripgrep@latest": {
      "last_modified": "2025-07-13T22:45:35Z",
      "resolved": "github:NixOS/nixpkgs/a421ac6595024edcfbb1ef950a3712b89161c359#ripgrep",
      "source": "devbox-search",
      "version": "14.1.1",
      "systems": {
        "aarch64-darwin": {
          "outputs": [
            {
              "name": "out",
              "path": "/nix/store/lxv4lraggh0g9bjcaxf4qicar3q7i1rz-ripgrep-14.1.1",
              "default": true
            }
          ],
          "store_path": "/nix/store/lxv4lraggh0g9bjcaxf4qicar3q7i1rz-ripgrep-14.1.1"
        },
        "aarch64-linux": {
          "outputs": [
            {
              "name": "out",
              "path": "/nix/store/i4dsm587azhml1cqf7agwd9dxgx52n5g-ripgrep-14.1.1",
              "default": true
            }
          ],
          "store_path": "/nix/store/i4dsm587azhml1cqf7agwd9dxgx52n5g-ripgrep-14.1.1"
        },
        "x86_64-darwin": {
          "outputs": [
            {
              "name": "out",
              "path": "/nix/store/sn28r34yalqqj7sp1qnjw8ldl30cjsz4-ripgrep-14.1.1",
              "default": true
            }
          ],
          "store_path": "/nix/store/sn28r34yalqqj7sp1qnjw8ldl30cjsz4-ripgrep-14.1.1"
        },
        "x86_64-linux": {
          "outputs": [
            {
              "name": "out",
              "path": "/nix/store/8m8bfl2xl7vpr8qlibgb0cd3ybkkmn3j-ripgrep-14.1.1",
              "default": true
            }
          ],
          "store_path": "/nix/store/8m8bfl2xl7vpr8qlibgb0cd3ybkkmn3j-ripgrep-14.1.1"
        }
      }
    },
    "ruby@3.4": {
      "last_modified": "2025-06-20T02:24:11Z",
      "plugin_version": "0.0.2",
      "resolved": "github:NixOS/nixpkgs/076e8c6678d8c54204abcb4b1b14c366835a58bb#ruby_3_4",
      "source": "devbox-search",
      "version": "3.4.4",
      "systems": {
        "aarch64-darwin": {
          "outputs": [
            {
              "name": "out",
              "path": "/nix/store/6y09bk7z7mh5hmbpfml80ia2h8alnv6x-ruby-3.4.4",
              "default": true
            },
            {
              "name": "devdoc",
              "path": "/nix/store/pfspznhcj6wy81n19dchvnlk8wah285a-ruby-3.4.4-devdoc"
            }
          ],
          "store_path": "/nix/store/6y09bk7z7mh5hmbpfml80ia2h8alnv6x-ruby-3.4.4"
        },
        "aarch64-linux": {
          "outputs": [
            {
              "name": "out",
              "path": "/nix/store/m298n0ps1qi983pklah2zmwmych4s0ps-ruby-3.4.4",
              "default": true
            },
            {
              "name": "devdoc",
              "path": "/nix/store/kkb1q75wccz7vg9v4s6hxkdcbp9lqcrv-ruby-3.4.4-devdoc"
            }
          ],
          "store_path": "/nix/store/m298n0ps1qi983pklah2zmwmych4s0ps-ruby-3.4.4"
        },
        "x86_64-darwin": {
          "outputs": [
            {
              "name": "out",
              "path": "/nix/store/gr3s0639p6ggj45yx6nchmvgj1hz8ij2-ruby-3.4.4",
              "default": true
            },
            {
              "name": "devdoc",
              "path": "/nix/store/v762m0hfndijyd569ch46bgkqlnpyb5a-ruby-3.4.4-devdoc"
            }
          ],
          "store_path": "/nix/store/gr3s0639p6ggj45yx6nchmvgj1hz8ij2-ruby-3.4.4"
        },
        "x86_64-linux": {
          "outputs": [
            {
              "name": "out",
              "path": "/nix/store/1fzam71vmgyfdjy1mgngy85h59gd3n8y-ruby-3.4.4",
              "default": true
            },
            {
              "name": "devdoc",
              "path": "/nix/store/z6q35qj3c6sp5nq68j1l80xk0xzlhjh3-ruby-3.4.4-devdoc"
            }
          ],
          "store_path": "/nix/store/1fzam71vmgyfdjy1mgngy85h59gd3n8y-ruby-3.4.4"
        }
      }
    },
    "tldr@latest": {
      "last_modified": "2025-07-13T22:45:35Z",
      "resolved": "github:NixOS/nixpkgs/a421ac6595024edcfbb1ef950a3712b89161c359#tldr",
      "source": "devbox-search",
      "version": "3.3.0",
      "systems": {
        "aarch64-darwin": {
          "outputs": [
            {
              "name": "out",
              "path": "/nix/store/gznwd2rp3blgv7fwjxl102rxbm3k4rcp-tldr-3.3.0",
              "default": true
            },
            {
              "name": "dist",
              "path": "/nix/store/ai8nyfk7sb9vqckk6klyh1k7qw7q6szh-tldr-3.3.0-dist"
            }
          ],
          "store_path": "/nix/store/gznwd2rp3blgv7fwjxl102rxbm3k4rcp-tldr-3.3.0"
        },
        "aarch64-linux": {
          "outputs": [
            {
              "name": "out",
              "path": "/nix/store/1s03vs9xb8k3b0f9pa43k7nqg6qk32df-tldr-3.3.0",
              "default": true
            },
            {
              "name": "dist",
              "path": "/nix/store/48sf0pc05wli9c6bnmbwnxvh9bnl9rn6-tldr-3.3.0-dist"
            }
          ],
          "store_path": "/nix/store/1s03vs9xb8k3b0f9pa43k7nqg6qk32df-tldr-3.3.0"
        },
        "x86_64-darwin": {
          "outputs": [
            {
              "name": "out",
              "path": "/nix/store/8qzy7ddrd6ligrxa73q2b5808lp8m8zz-tldr-3.3.0",
              "default": true
            },
            {
              "name": "dist",
              "path": "/nix/store/2j0pnmiwywlxygxaqig1jwif9lbgiv1l-tldr-3.3.0-dist"
            }
          ],
          "store_path": "/nix/store/8qzy7ddrd6ligrxa73q2b5808lp8m8zz-tldr-3.3.0"
        },
        "x86_64-linux": {
          "outputs": [
            {
              "name": "out",
              "path": "/nix/store/mwfzi8ky4871lymad6i3yly21fygiy6i-tldr-3.3.0",
              "default": true
            },
            {
              "name": "dist",
              "path": "/nix/store/yak2m296w67y9mgi5imnqay9jsh3mi8i-tldr-3.3.0-dist"
            }
          ],
          "store_path": "/nix/store/mwfzi8ky4871lymad6i3yly21fygiy6i-tldr-3.3.0"
        }
      }
    },
    "tree@latest": {
      "last_modified": "2025-06-20T02:24:11Z",
      "resolved": "github:NixOS/nixpkgs/076e8c6678d8c54204abcb4b1b14c366835a58bb#tree",
      "source": "devbox-search",
      "version": "2.2.1",
      "systems": {
        "aarch64-darwin": {
          "outputs": [
            {
              "name": "out",
              "path": "/nix/store/83k4hqw8wn9zfrv0zdxhiy38fkcx99fr-tree-2.2.1",
              "default": true
            }
          ],
          "store_path": "/nix/store/83k4hqw8wn9zfrv0zdxhiy38fkcx99fr-tree-2.2.1"
        },
        "aarch64-linux": {
          "outputs": [
            {
              "name": "out",
              "path": "/nix/store/sdscy7sznpzmwv6qq3n639inqwk29lnc-tree-2.2.1",
              "default": true
            }
          ],
          "store_path": "/nix/store/sdscy7sznpzmwv6qq3n639inqwk29lnc-tree-2.2.1"
        },
        "x86_64-darwin": {
          "outputs": [
            {
              "name": "out",
              "path": "/nix/store/9xladffvkcs4hy474m2s76q3bhvrz0hk-tree-2.2.1",
              "default": true
            }
          ],
          "store_path": "/nix/store/9xladffvkcs4hy474m2s76q3bhvrz0hk-tree-2.2.1"
        },
        "x86_64-linux": {
          "outputs": [
            {
              "name": "out",
              "path": "/nix/store/fgjrfj877rcjk1b7y18pi8zg12qxwflf-tree-2.2.1",
              "default": true
            }
          ],
          "store_path": "/nix/store/fgjrfj877rcjk1b7y18pi8zg12qxwflf-tree-2.2.1"
        }
      }
    },
    "unzip@latest": {
      "last_modified": "2025-07-13T22:45:35Z",
      "resolved": "github:NixOS/nixpkgs/a421ac6595024edcfbb1ef950a3712b89161c359#unzip",
      "source": "devbox-search",
      "version": "6.0",
      "systems": {
        "aarch64-darwin": {
          "outputs": [
            {
              "name": "out",
              "path": "/nix/store/bh09cx89hic3ma7s6hsvla9c5cqs0vry-unzip-6.0",
              "default": true
            }
          ],
          "store_path": "/nix/store/bh09cx89hic3ma7s6hsvla9c5cqs0vry-unzip-6.0"
        },
        "aarch64-linux": {
          "outputs": [
            {
              "name": "out",
              "path": "/nix/store/44vdanch3mm8g2g5x80z6an4pr4c9afw-unzip-6.0",
              "default": true
            }
          ],
          "store_path": "/nix/store/44vdanch3mm8g2g5x80z6an4pr4c9afw-unzip-6.0"
        },
        "x86_64-darwin": {
          "outputs": [
            {
              "name": "out",
              "path": "/nix/store/q6cxz99bhbff19arp3mhwkq2f1q5l9sy-unzip-6.0",
              "default": true
            }
          ],
          "store_path": "/nix/store/q6cxz99bhbff19arp3mhwkq2f1q5l9sy-unzip-6.0"
        },
        "x86_64-linux": {
          "outputs": [
            {
              "name": "out",
              "path": "/nix/store/zpd1lvk0fliqdcp4qvv2wvx0k5vf4g31-unzip-6.0",
              "default": true
            }
          ],
          "store_path": "/nix/store/zpd1lvk0fliqdcp4qvv2wvx0k5vf4g31-unzip-6.0"
        }
      }
    },
    "wget@latest": {
      "last_modified": "2025-07-13T22:45:35Z",
      "resolved": "github:NixOS/nixpkgs/a421ac6595024edcfbb1ef950a3712b89161c359#wget",
      "source": "devbox-search",
      "version": "1.25.0",
      "systems": {
        "aarch64-darwin": {
          "outputs": [
            {
              "name": "out",
              "path": "/nix/store/n56qyd9px0gmq7chcvaifc0gcjpzkk27-wget-1.25.0",
              "default": true
            }
          ],
          "store_path": "/nix/store/n56qyd9px0gmq7chcvaifc0gcjpzkk27-wget-1.25.0"
        },
        "aarch64-linux": {
          "outputs": [
            {
              "name": "out",
              "path": "/nix/store/wkw69nqfaz4lgcsxm97qyzzfclwhlzc2-wget-1.25.0",
              "default": true
            }
          ],
          "store_path": "/nix/store/wkw69nqfaz4lgcsxm97qyzzfclwhlzc2-wget-1.25.0"
        },
        "x86_64-darwin": {
          "outputs": [
            {
              "name": "out",
              "path": "/nix/store/rf5daj9zdqg08jli53dv4vsgw3fmysgc-wget-1.25.0",
              "default": true
            }
          ],
          "store_path": "/nix/store/rf5daj9zdqg08jli53dv4vsgw3fmysgc-wget-1.25.0"
        },
        "x86_64-linux": {
          "outputs": [
            {
              "name": "out",
              "path": "/nix/store/66k8i1h42c4wggszk7y2pzwsywvm4q2f-wget-1.25.0",
              "default": true
            }
          ],
          "store_path": "/nix/store/66k8i1h42c4wggszk7y2pzwsywvm4q2f-wget-1.25.0"
        }
      }
    },
    "whois@latest": {
      "last_modified": "2025-07-13T22:45:35Z",
      "resolved": "github:NixOS/nixpkgs/a421ac6595024edcfbb1ef950a3712b89161c359#whois",
      "source": "devbox-search",
      "version": "5.6.2",
      "systems": {
        "aarch64-darwin": {
          "outputs": [
            {
              "name": "out",
              "path": "/nix/store/3p4137ypjazqn1544ragq72nqkga3ywg-whois-5.6.2",
              "default": true
            }
          ],
          "store_path": "/nix/store/3p4137ypjazqn1544ragq72nqkga3ywg-whois-5.6.2"
        },
        "aarch64-linux": {
          "outputs": [
            {
              "name": "out",
              "path": "/nix/store/031psc74ijlx792ih2pv1aa8b4a2xbck-whois-5.6.2",
              "default": true
            }
          ],
          "store_path": "/nix/store/031psc74ijlx792ih2pv1aa8b4a2xbck-whois-5.6.2"
        },
        "x86_64-darwin": {
          "outputs": [
            {
              "name": "out",
              "path": "/nix/store/ag5mxf01qv8zrjl8pial0mrdqkkvsl4y-whois-5.6.2",
              "default": true
            }
          ],
          "store_path": "/nix/store/ag5mxf01qv8zrjl8pial0mrdqkkvsl4y-whois-5.6.2"
        },
        "x86_64-linux": {
          "outputs": [
            {
              "name": "out",
              "path": "/nix/store/wds5m61icmkznndccc54lfy22p7p5l1d-whois-5.6.2",
              "default": true
            }
          ],
          "store_path": "/nix/store/wds5m61icmkznndccc54lfy22p7p5l1d-whois-5.6.2"
        }
      }
    }
  }
}
